
Microsoft Visual Studio Solution File, Format Version 12.00
# Visual Studio Version 17
VisualStudioVersion = 17.9.34728.123
MinimumVisualStudioVersion = 10.0.40219.1
Project("{9A19103F-16F7-4668-BE54-9A1E7A4F7556}") = "Entities", "Entities.csproj", "{CE75EB30-6A7F-4B31-979D-87A60FD0CA5C}"
EndProject
Project("{FAE04EC0-301F-11D3-BF4B-00C04F79EFBC}") = "JewelryProduction.API", "..\JewelryProduction.API\JewelryProduction.API.csproj", "{EF9432FD-B896-4B40-BE1B-9EF212B83D7C}"
EndProject
Project("{FAE04EC0-301F-11D3-BF4B-00C04F79EFBC}") = "JewelryProduction.Application", "..\JewelryProduction.Application\JewelryProduction.Application.csproj", "{99F192B2-B61B-49BC-8C40-AF6416582B4D}"
EndProject
Global
	GlobalSection(SolutionConfigurationPlatforms) = preSolution
		Debug|Any CPU = Debug|Any CPU
		Release|Any CPU = Release|Any CPU
	EndGlobalSection
	GlobalSection(ProjectConfigurationPlatforms) = postSolution
		{CE75EB30-6A7F-4B31-979D-87A60FD0CA5C}.Debug|Any CPU.ActiveCfg = Debug|Any CPU
		{CE75EB30-6A7F-4B31-979D-87A60FD0CA5C}.Debug|Any CPU.Build.0 = Debug|Any CPU
		{CE75EB30-6A7F-4B31-979D-87A60FD0CA5C}.Release|Any CPU.ActiveCfg = Release|Any CPU
		{CE75EB30-6A7F-4B31-979D-87A60FD0CA5C}.Release|Any CPU.Build.0 = Release|Any CPU
		{EF9432FD-B896-4B40-BE1B-9EF212B83D7C}.Debug|Any CPU.ActiveCfg = Debug|Any CPU
		{EF9432FD-B896-4B40-BE1B-9EF212B83D7C}.Debug|Any CPU.Build.0 = Debug|Any CPU
		{EF9432FD-B896-4B40-BE1B-9EF212B83D7C}.Release|Any CPU.ActiveCfg = Release|Any CPU
		{EF9432FD-B896-4B40-BE1B-9EF212B83D7C}.Release|Any CPU.Build.0 = Release|Any CPU
		{99F192B2-B61B-49BC-8C40-AF6416582B4D}.Debug|Any CPU.ActiveCfg = Debug|Any CPU
		{99F192B2-B61B-49BC-8C40-AF6416582B4D}.Debug|Any CPU.Build.0 = Debug|Any CPU
		{99F192B2-B61B-49BC-8C40-AF6416582B4D}.Release|Any CPU.ActiveCfg = Release|Any CPU
		{99F192B2-B61B-49BC-8C40-AF6416582B4D}.Release|Any CPU.Build.0 = Release|Any CPU
	EndGlobalSection
	GlobalSection(SolutionProperties) = preSolution
		HideSolutionNode = FALSE
	EndGlobalSection
	GlobalSection(ExtensibilityGlobals) = postSolution
		SolutionGuid = {CB083679-233F-483D-BD4B-DE81B7F597E4}
	EndGlobalSection
EndGlobal
