
Microsoft Visual Studio Solution File, Format Version 12.00
# Visual Studio Version 17
VisualStudioVersion = 17.10.34916.146
MinimumVisualStudioVersion = 10.0.40219.1
Project("{9A19103F-16F7-4668-BE54-9A1E7A4F7556}") = "JewelryProduction", "JewelryProduction\JewelryProduction.csproj", "{F681D65B-2C9E-4B57-B0D7-54AF0209B65C}"
EndProject
Project("{9A19103F-16F7-4668-BE54-9A1E7A4F7556}") = "BusinessObject", "BusinessObject\BusinessObject.csproj", "{ADECABF0-6CCE-41CD-BDA4-A03E873B7F55}"
EndProject
Project("{9A19103F-16F7-4668-BE54-9A1E7A4F7556}") = "DAO", "DataContext\DAO.csproj", "{F2E43EA6-4E1D-4466-9EFF-50D4F93C889E}"
EndProject
Project("{9A19103F-16F7-4668-BE54-9A1E7A4F7556}") = "Repositories", "Repository\Repositories.csproj", "{5FF086A0-0555-4BA2-9788-4ECBCEED13E6}"
EndProject
Project("{9A19103F-16F7-4668-BE54-9A1E7A4F7556}") = "Services", "Services\Services.csproj", "{31E13027-5BE3-4829-8417-677B30E3C559}"
EndProject
Global
	GlobalSection(SolutionConfigurationPlatforms) = preSolution
		Debug|Any CPU = Debug|Any CPU
		Release|Any CPU = Release|Any CPU
	EndGlobalSection
	GlobalSection(ProjectConfigurationPlatforms) = postSolution
		{F681D65B-2C9E-4B57-B0D7-54AF0209B65C}.Debug|Any CPU.ActiveCfg = Debug|Any CPU
		{F681D65B-2C9E-4B57-B0D7-54AF0209B65C}.Debug|Any CPU.Build.0 = Debug|Any CPU
		{F681D65B-2C9E-4B57-B0D7-54AF0209B65C}.Release|Any CPU.ActiveCfg = Release|Any CPU
		{F681D65B-2C9E-4B57-B0D7-54AF0209B65C}.Release|Any CPU.Build.0 = Release|Any CPU
		{ADECABF0-6CCE-41CD-BDA4-A03E873B7F55}.Debug|Any CPU.ActiveCfg = Debug|Any CPU
		{ADECABF0-6CCE-41CD-BDA4-A03E873B7F55}.Debug|Any CPU.Build.0 = Debug|Any CPU
		{ADECABF0-6CCE-41CD-BDA4-A03E873B7F55}.Release|Any CPU.ActiveCfg = Release|Any CPU
		{ADECABF0-6CCE-41CD-BDA4-A03E873B7F55}.Release|Any CPU.Build.0 = Release|Any CPU
		{F2E43EA6-4E1D-4466-9EFF-50D4F93C889E}.Debug|Any CPU.ActiveCfg = Debug|Any CPU
		{F2E43EA6-4E1D-4466-9EFF-50D4F93C889E}.Debug|Any CPU.Build.0 = Debug|Any CPU
		{F2E43EA6-4E1D-4466-9EFF-50D4F93C889E}.Release|Any CPU.ActiveCfg = Release|Any CPU
		{F2E43EA6-4E1D-4466-9EFF-50D4F93C889E}.Release|Any CPU.Build.0 = Release|Any CPU
		{5FF086A0-0555-4BA2-9788-4ECBCEED13E6}.Debug|Any CPU.ActiveCfg = Debug|Any CPU
		{5FF086A0-0555-4BA2-9788-4ECBCEED13E6}.Debug|Any CPU.Build.0 = Debug|Any CPU
		{5FF086A0-0555-4BA2-9788-4ECBCEED13E6}.Release|Any CPU.ActiveCfg = Release|Any CPU
		{5FF086A0-0555-4BA2-9788-4ECBCEED13E6}.Release|Any CPU.Build.0 = Release|Any CPU
		{31E13027-5BE3-4829-8417-677B30E3C559}.Debug|Any CPU.ActiveCfg = Debug|Any CPU
		{31E13027-5BE3-4829-8417-677B30E3C559}.Debug|Any CPU.Build.0 = Debug|Any CPU
		{31E13027-5BE3-4829-8417-677B30E3C559}.Release|Any CPU.ActiveCfg = Release|Any CPU
		{31E13027-5BE3-4829-8417-677B30E3C559}.Release|Any CPU.Build.0 = Release|Any CPU
	EndGlobalSection
	GlobalSection(SolutionProperties) = preSolution
		HideSolutionNode = FALSE
	EndGlobalSection
	GlobalSection(ExtensibilityGlobals) = postSolution
		SolutionGuid = {6B6D0C9E-193F-419B-B684-3906901CF655}
	EndGlobalSection
EndGlobal
